
Microsoft Visual Studio Solution File, Format Version 12.00
# Visual Studio 2013
VisualStudioVersion = 12.0.30501.0
MinimumVisualStudioVersion = 10.0.40219.1
Project("{581633EB-B896-402F-8E60-36F3DA191C85}") = "SG", "SG\SG.lsxtproj", "{2FBE81B8-B1D7-451B-AC6B-DEB8EA2C62ED}"
EndProject
Project("{F184B08F-C81C-45F6-A57F-5ABD9991F28F}") = "SG.Server", "SG\SG.Server\SG.Server.vbproj", "{DFE22B05-1058-4BEC-A815-C4874CEFBB08}"
EndProject
Project("{262852C6-CD72-467D-83FE-5EEB1973A190}") = "SG.HTMLClient", "SG\SG.HTMLClient\SG.HTMLClient.jsproj", "{2EE58DB2-133B-43CB-ABAE-779A76152F95}"
EndProject
Global
	GlobalSection(SolutionConfigurationPlatforms) = preSolution
		Debug|Any CPU = Debug|Any CPU
		Release|Any CPU = Release|Any CPU
	EndGlobalSection
	GlobalSection(ProjectConfigurationPlatforms) = postSolution
		{2FBE81B8-B1D7-451B-AC6B-DEB8EA2C62ED}.Debug|Any CPU.ActiveCfg = Debug|Any CPU
		{2FBE81B8-B1D7-451B-AC6B-DEB8EA2C62ED}.Debug|Any CPU.Build.0 = Debug|Any CPU
		{2FBE81B8-B1D7-451B-AC6B-DEB8EA2C62ED}.Release|Any CPU.ActiveCfg = Release|Any CPU
		{2FBE81B8-B1D7-451B-AC6B-DEB8EA2C62ED}.Release|Any CPU.Build.0 = Release|Any CPU
		{DFE22B05-1058-4BEC-A815-C4874CEFBB08}.Debug|Any CPU.ActiveCfg = Debug|Any CPU
		{DFE22B05-1058-4BEC-A815-C4874CEFBB08}.Debug|Any CPU.Build.0 = Debug|Any CPU
		{DFE22B05-1058-4BEC-A815-C4874CEFBB08}.Release|Any CPU.ActiveCfg = Release|Any CPU
		{DFE22B05-1058-4BEC-A815-C4874CEFBB08}.Release|Any CPU.Build.0 = Release|Any CPU
		{2EE58DB2-133B-43CB-ABAE-779A76152F95}.Debug|Any CPU.ActiveCfg = Debug|Any CPU
		{2EE58DB2-133B-43CB-ABAE-779A76152F95}.Debug|Any CPU.Build.0 = Debug|Any CPU
		{2EE58DB2-133B-43CB-ABAE-779A76152F95}.Release|Any CPU.ActiveCfg = Release|Any CPU
		{2EE58DB2-133B-43CB-ABAE-779A76152F95}.Release|Any CPU.Build.0 = Release|Any CPU
	EndGlobalSection
	GlobalSection(SolutionProperties) = preSolution
		HideSolutionNode = FALSE
	EndGlobalSection
EndGlobal
